
Microsoft Visual Studio Solution File, Format Version 12.00
# Visual Studio Version 16
VisualStudioVersion = 16.0.29613.14
MinimumVisualStudioVersion = 10.0.40219.1
Project("{9A19103F-16F7-4668-BE54-9A1E7A4F7556}") = "PowerPointService", "PowerPointService\PowerPointService.csproj", "{61C3A5A6-0454-422C-8439-EAF94FACAE71}"
EndProject
Project("{2150E333-8FDC-42A3-9474-1A3956D46DE8}") = "Test", "Test", "{1525AE4C-8B82-4174-8454-20C540B3F494}"
EndProject
Project("{FAE04EC0-301F-11D3-BF4B-00C04F79EFBC}") = "CoreConsoleApp", "Test\CoreConsoleApp\CoreConsoleApp.csproj", "{C9456FE6-4090-4B62-9569-2C2BDB2F352B}"
EndProject
Global
	GlobalSection(SolutionConfigurationPlatforms) = preSolution
		Debug|Any CPU = Debug|Any CPU
		Release|Any CPU = Release|Any CPU
	EndGlobalSection
	GlobalSection(ProjectConfigurationPlatforms) = postSolution
		{61C3A5A6-0454-422C-8439-EAF94FACAE71}.Debug|Any CPU.ActiveCfg = Debug|Any CPU
		{61C3A5A6-0454-422C-8439-EAF94FACAE71}.Debug|Any CPU.Build.0 = Debug|Any CPU
		{61C3A5A6-0454-422C-8439-EAF94FACAE71}.Release|Any CPU.ActiveCfg = Release|Any CPU
		{61C3A5A6-0454-422C-8439-EAF94FACAE71}.Release|Any CPU.Build.0 = Release|Any CPU
		{C9456FE6-4090-4B62-9569-2C2BDB2F352B}.Debug|Any CPU.ActiveCfg = Debug|Any CPU
		{C9456FE6-4090-4B62-9569-2C2BDB2F352B}.Debug|Any CPU.Build.0 = Debug|Any CPU
		{C9456FE6-4090-4B62-9569-2C2BDB2F352B}.Release|Any CPU.ActiveCfg = Release|Any CPU
		{C9456FE6-4090-4B62-9569-2C2BDB2F352B}.Release|Any CPU.Build.0 = Release|Any CPU
	EndGlobalSection
	GlobalSection(SolutionProperties) = preSolution
		HideSolutionNode = FALSE
	EndGlobalSection
	GlobalSection(NestedProjects) = preSolution
		{C9456FE6-4090-4B62-9569-2C2BDB2F352B} = {1525AE4C-8B82-4174-8454-20C540B3F494}
	EndGlobalSection
	GlobalSection(ExtensibilityGlobals) = postSolution
		SolutionGuid = {53D1C04D-753B-4DD1-ABB5-65D02D6EC951}
	EndGlobalSection
EndGlobal
